// !$*UTF8*$!
{
	archiveVersion = 1;
	classes = {
	};
	objectVersion = 46;
	objects = {

/* Begin PBXBuildFile section */
		84D9EA5BD84BB3B01F0DE8FB /* Pods_Firebase.framework in Frameworks */ = {isa = PBXBuildFile; fileRef = AFF8B88A205A438CCDE11B69 /* Pods_Firebase.framework */; };
		9B4044955DEDD4B42464B276 /* Pods_FirebaseTests.framework in Frameworks */ = {isa = PBXBuildFile; fileRef = 7CB93338251045FF4AFC8FF9 /* Pods_FirebaseTests.framework */; };
		B5B20E7F1E23FD610091B4F3 /* AppDelegate.swift in Sources */ = {isa = PBXBuildFile; fileRef = B5B20E7E1E23FD610091B4F3 /* AppDelegate.swift */; };
		B5B20E811E23FD610091B4F3 /* ViewController.swift in Sources */ = {isa = PBXBuildFile; fileRef = B5B20E801E23FD610091B4F3 /* ViewController.swift */; };
		B5B20E841E23FD610091B4F3 /* Main.storyboard in Resources */ = {isa = PBXBuildFile; fileRef = B5B20E821E23FD610091B4F3 /* Main.storyboard */; };
		B5B20E861E23FD610091B4F3 /* Assets.xcassets in Resources */ = {isa = PBXBuildFile; fileRef = B5B20E851E23FD610091B4F3 /* Assets.xcassets */; };
		B5B20E891E23FD610091B4F3 /* LaunchScreen.storyboard in Resources */ = {isa = PBXBuildFile; fileRef = B5B20E871E23FD610091B4F3 /* LaunchScreen.storyboard */; };
		B5B20E941E23FD610091B4F3 /* FirebaseTests.swift in Sources */ = {isa = PBXBuildFile; fileRef = B5B20E931E23FD610091B4F3 /* FirebaseTests.swift */; };
		B5B20EA41E2438920091B4F3 /* GoogleService-Info.plist in Resources */ = {isa = PBXBuildFile; fileRef = B5B20EA31E2438920091B4F3 /* GoogleService-Info.plist */; };
/* End PBXBuildFile section */

/* Begin PBXContainerItemProxy section */
		B5B20E901E23FD610091B4F3 /* PBXContainerItemProxy */ = {
			isa = PBXContainerItemProxy;
			containerPortal = B5B20E731E23FD610091B4F3 /* Project object */;
			proxyType = 1;
			remoteGlobalIDString = B5B20E7A1E23FD610091B4F3;
			remoteInfo = Firebase;
		};
/* End PBXContainerItemProxy section */

/* Begin PBXFileReference section */
		01FD8853F8AC3644D4810285 /* Pods-Firebase.release.xcconfig */ = {isa = PBXFileReference; includeInIndex = 1; lastKnownFileType = text.xcconfig; name = "Pods-Firebase.release.xcconfig"; path = "Pods/Target Support Files/Pods-Firebase/Pods-Firebase.release.xcconfig"; sourceTree = "<group>"; };
		7CB93338251045FF4AFC8FF9 /* Pods_FirebaseTests.framework */ = {isa = PBXFileReference; explicitFileType = wrapper.framework; includeInIndex = 0; path = Pods_FirebaseTests.framework; sourceTree = BUILT_PRODUCTS_DIR; };
		AFF8B88A205A438CCDE11B69 /* Pods_Firebase.framework */ = {isa = PBXFileReference; explicitFileType = wrapper.framework; includeInIndex = 0; path = Pods_Firebase.framework; sourceTree = BUILT_PRODUCTS_DIR; };
		B5B20E7B1E23FD610091B4F3 /* Firebase.app */ = {isa = PBXFileReference; explicitFileType = wrapper.application; includeInIndex = 0; path = Firebase.app; sourceTree = BUILT_PRODUCTS_DIR; };
		B5B20E7E1E23FD610091B4F3 /* AppDelegate.swift */ = {isa = PBXFileReference; lastKnownFileType = sourcecode.swift; path = AppDelegate.swift; sourceTree = "<group>"; };
		B5B20E801E23FD610091B4F3 /* ViewController.swift */ = {isa = PBXFileReference; lastKnownFileType = sourcecode.swift; path = ViewController.swift; sourceTree = "<group>"; };
		B5B20E831E23FD610091B4F3 /* Base */ = {isa = PBXFileReference; lastKnownFileType = file.storyboard; name = Base; path = Base.lproj/Main.storyboard; sourceTree = "<group>"; };
		B5B20E851E23FD610091B4F3 /* Assets.xcassets */ = {isa = PBXFileReference; lastKnownFileType = folder.assetcatalog; path = Assets.xcassets; sourceTree = "<group>"; };
		B5B20E881E23FD610091B4F3 /* Base */ = {isa = PBXFileReference; lastKnownFileType = file.storyboard; name = Base; path = Base.lproj/LaunchScreen.storyboard; sourceTree = "<group>"; };
		B5B20E8A1E23FD610091B4F3 /* Info.plist */ = {isa = PBXFileReference; lastKnownFileType = text.plist.xml; path = Info.plist; sourceTree = "<group>"; };
		B5B20E8F1E23FD610091B4F3 /* FirebaseTests.xctest */ = {isa = PBXFileReference; explicitFileType = wrapper.cfbundle; includeInIndex = 0; path = FirebaseTests.xctest; sourceTree = BUILT_PRODUCTS_DIR; };
		B5B20E931E23FD610091B4F3 /* FirebaseTests.swift */ = {isa = PBXFileReference; lastKnownFileType = sourcecode.swift; path = FirebaseTests.swift; sourceTree = "<group>"; };
		B5B20E951E23FD610091B4F3 /* Info.plist */ = {isa = PBXFileReference; lastKnownFileType = text.plist.xml; path = Info.plist; sourceTree = "<group>"; };
		B5B20EA21E23FDF40091B4F3 /* Firebase.entitlements */ = {isa = PBXFileReference; lastKnownFileType = text.plist.entitlements; path = Firebase.entitlements; sourceTree = "<group>"; };
		B5B20EA31E2438920091B4F3 /* GoogleService-Info.plist */ = {isa = PBXFileReference; fileEncoding = 4; lastKnownFileType = text.plist.xml; path = "GoogleService-Info.plist"; sourceTree = "<group>"; };
		D1494F34C1DEC415F7417BFA /* Pods-Firebase.debug.xcconfig */ = {isa = PBXFileReference; includeInIndex = 1; lastKnownFileType = text.xcconfig; name = "Pods-Firebase.debug.xcconfig"; path = "Pods/Target Support Files/Pods-Firebase/Pods-Firebase.debug.xcconfig"; sourceTree = "<group>"; };
		D46D5B1C4703D4820E95E0AF /* Pods-FirebaseTests.release.xcconfig */ = {isa = PBXFileReference; includeInIndex = 1; lastKnownFileType = text.xcconfig; name = "Pods-FirebaseTests.release.xcconfig"; path = "Pods/Target Support Files/Pods-FirebaseTests/Pods-FirebaseTests.release.xcconfig"; sourceTree = "<group>"; };
		F5DE659069CF14AD556E3782 /* Pods-FirebaseTests.debug.xcconfig */ = {isa = PBXFileReference; includeInIndex = 1; lastKnownFileType = text.xcconfig; name = "Pods-FirebaseTests.debug.xcconfig"; path = "Pods/Target Support Files/Pods-FirebaseTests/Pods-FirebaseTests.debug.xcconfig"; sourceTree = "<group>"; };
/* End PBXFileReference section */

/* Begin PBXFrameworksBuildPhase section */
		B5B20E781E23FD610091B4F3 /* Frameworks */ = {
			isa = PBXFrameworksBuildPhase;
			buildActionMask = 2147483647;
			files = (
				84D9EA5BD84BB3B01F0DE8FB /* Pods_Firebase.framework in Frameworks */,
			);
			runOnlyForDeploymentPostprocessing = 0;
		};
		B5B20E8C1E23FD610091B4F3 /* Frameworks */ = {
			isa = PBXFrameworksBuildPhase;
			buildActionMask = 2147483647;
			files = (
				9B4044955DEDD4B42464B276 /* Pods_FirebaseTests.framework in Frameworks */,
			);
			runOnlyForDeploymentPostprocessing = 0;
		};
/* End PBXFrameworksBuildPhase section */

/* Begin PBXGroup section */
		B5B20E721E23FD610091B4F3 = {
			isa = PBXGroup;
			children = (
				B5B20E7D1E23FD610091B4F3 /* Firebase */,
				B5B20E921E23FD610091B4F3 /* FirebaseTests */,
				B5B20E7C1E23FD610091B4F3 /* Products */,
				C91D9468D197E12B8CFD4DD1 /* Pods */,
				EE94D48D1C6100B4664044E8 /* Frameworks */,
			);
			sourceTree = "<group>";
		};
		B5B20E7C1E23FD610091B4F3 /* Products */ = {
			isa = PBXGroup;
			children = (
				B5B20E7B1E23FD610091B4F3 /* Firebase.app */,
				B5B20E8F1E23FD610091B4F3 /* FirebaseTests.xctest */,
			);
			name = Products;
			sourceTree = "<group>";
		};
		B5B20E7D1E23FD610091B4F3 /* Firebase */ = {
			isa = PBXGroup;
			children = (
				B5B20EA11E23FDA10091B4F3 /* Resources */,
				B5B20E9F1E23FD8E0091B4F3 /* Source */,
				B5B20EA01E23FD930091B4F3 /* Supporting Files */,
			);
			path = Firebase;
			sourceTree = "<group>";
		};
		B5B20E921E23FD610091B4F3 /* FirebaseTests */ = {
			isa = PBXGroup;
			children = (
				B5B20E931E23FD610091B4F3 /* FirebaseTests.swift */,
				B5B20E951E23FD610091B4F3 /* Info.plist */,
			);
			path = FirebaseTests;
			sourceTree = "<group>";
		};
		B5B20E9E1E23FD860091B4F3 /* View Controllers */ = {
			isa = PBXGroup;
			children = (
				B5B20E801E23FD610091B4F3 /* ViewController.swift */,
			);
			name = "View Controllers";
			sourceTree = "<group>";
		};
		B5B20E9F1E23FD8E0091B4F3 /* Source */ = {
			isa = PBXGroup;
			children = (
				B5B20E7E1E23FD610091B4F3 /* AppDelegate.swift */,
				B5B20E9E1E23FD860091B4F3 /* View Controllers */,
			);
			name = Source;
			sourceTree = "<group>";
		};
		B5B20EA01E23FD930091B4F3 /* Supporting Files */ = {
			isa = PBXGroup;
			children = (
				B5B20EA21E23FDF40091B4F3 /* Firebase.entitlements */,
				B5B20EA31E2438920091B4F3 /* GoogleService-Info.plist */,
				B5B20E8A1E23FD610091B4F3 /* Info.plist */,
			);
			name = "Supporting Files";
			sourceTree = "<group>";
		};
		B5B20EA11E23FDA10091B4F3 /* Resources */ = {
			isa = PBXGroup;
			children = (
				B5B20E851E23FD610091B4F3 /* Assets.xcassets */,
				B5B20E871E23FD610091B4F3 /* LaunchScreen.storyboard */,
				B5B20E821E23FD610091B4F3 /* Main.storyboard */,
			);
			name = Resources;
			sourceTree = "<group>";
		};
		C91D9468D197E12B8CFD4DD1 /* Pods */ = {
			isa = PBXGroup;
			children = (
				D1494F34C1DEC415F7417BFA /* Pods-Firebase.debug.xcconfig */,
				01FD8853F8AC3644D4810285 /* Pods-Firebase.release.xcconfig */,
				F5DE659069CF14AD556E3782 /* Pods-FirebaseTests.debug.xcconfig */,
				D46D5B1C4703D4820E95E0AF /* Pods-FirebaseTests.release.xcconfig */,
			);
			name = Pods;
			sourceTree = "<group>";
		};
		EE94D48D1C6100B4664044E8 /* Frameworks */ = {
			isa = PBXGroup;
			children = (
				AFF8B88A205A438CCDE11B69 /* Pods_Firebase.framework */,
				7CB93338251045FF4AFC8FF9 /* Pods_FirebaseTests.framework */,
			);
			name = Frameworks;
			sourceTree = "<group>";
		};
/* End PBXGroup section */

/* Begin PBXNativeTarget section */
		B5B20E7A1E23FD610091B4F3 /* Firebase */ = {
			isa = PBXNativeTarget;
			buildConfigurationList = B5B20E981E23FD610091B4F3 /* Build configuration list for PBXNativeTarget "Firebase" */;
			buildPhases = (
				4C4646B7842D2B982F577AB0 /* [CP] Check Pods Manifest.lock */,
				B5B20E771E23FD610091B4F3 /* Sources */,
				B5B20E781E23FD610091B4F3 /* Frameworks */,
				B5B20E791E23FD610091B4F3 /* Resources */,
				05E4D449C264AFB7D11A4A41 /* [CP] Embed Pods Frameworks */,
				72FE3043E270D969553E4989 /* [CP] Copy Pods Resources */,
			);
			buildRules = (
			);
			dependencies = (
			);
			name = Firebase;
			productName = Firebase;
			productReference = B5B20E7B1E23FD610091B4F3 /* Firebase.app */;
			productType = "com.apple.product-type.application";
		};
		B5B20E8E1E23FD610091B4F3 /* FirebaseTests */ = {
			isa = PBXNativeTarget;
			buildConfigurationList = B5B20E9B1E23FD610091B4F3 /* Build configuration list for PBXNativeTarget "FirebaseTests" */;
			buildPhases = (
				C63899D41831F0DA914314B3 /* [CP] Check Pods Manifest.lock */,
				B5B20E8B1E23FD610091B4F3 /* Sources */,
				B5B20E8C1E23FD610091B4F3 /* Frameworks */,
				B5B20E8D1E23FD610091B4F3 /* Resources */,
				8FBD45BA7592F3D87DEA51CC /* [CP] Embed Pods Frameworks */,
				3451FC209A786F74F317FCFC /* [CP] Copy Pods Resources */,
			);
			buildRules = (
			);
			dependencies = (
				B5B20E911E23FD610091B4F3 /* PBXTargetDependency */,
			);
			name = FirebaseTests;
			productName = FirebaseTests;
			productReference = B5B20E8F1E23FD610091B4F3 /* FirebaseTests.xctest */;
			productType = "com.apple.product-type.bundle.unit-test";
		};
/* End PBXNativeTarget section */

/* Begin PBXProject section */
		B5B20E731E23FD610091B4F3 /* Project object */ = {
			isa = PBXProject;
			attributes = {
				LastSwiftUpdateCheck = 0820;
				LastUpgradeCheck = 0820;
				ORGANIZATIONNAME = "Berzerker IO";
				TargetAttributes = {
					B5B20E7A1E23FD610091B4F3 = {
						CreatedOnToolsVersion = 8.2.1;
						DevelopmentTeam = 6M9MT4KJZD;
						ProvisioningStyle = Automatic;
						SystemCapabilities = {
							com.apple.Push = {
								enabled = 1;
							};
						};
					};
					B5B20E8E1E23FD610091B4F3 = {
						CreatedOnToolsVersion = 8.2.1;
						DevelopmentTeam = 6M9MT4KJZD;
						ProvisioningStyle = Automatic;
						TestTargetID = B5B20E7A1E23FD610091B4F3;
					};
				};
			};
			buildConfigurationList = B5B20E761E23FD610091B4F3 /* Build configuration list for PBXProject "Firebase" */;
			compatibilityVersion = "Xcode 3.2";
			developmentRegion = English;
			hasScannedForEncodings = 0;
			knownRegions = (
				en,
				Base,
			);
			mainGroup = B5B20E721E23FD610091B4F3;
			productRefGroup = B5B20E7C1E23FD610091B4F3 /* Products */;
			projectDirPath = "";
			projectRoot = "";
			targets = (
				B5B20E7A1E23FD610091B4F3 /* Firebase */,
				B5B20E8E1E23FD610091B4F3 /* FirebaseTests */,
			);
		};
/* End PBXProject section */

/* Begin PBXResourcesBuildPhase section */
		B5B20E791E23FD610091B4F3 /* Resources */ = {
			isa = PBXResourcesBuildPhase;
			buildActionMask = 2147483647;
			files = (
				B5B20E891E23FD610091B4F3 /* LaunchScreen.storyboard in Resources */,
				B5B20EA41E2438920091B4F3 /* GoogleService-Info.plist in Resources */,
				B5B20E861E23FD610091B4F3 /* Assets.xcassets in Resources */,
				B5B20E841E23FD610091B4F3 /* Main.storyboard in Resources */,
			);
			runOnlyForDeploymentPostprocessing = 0;
		};
		B5B20E8D1E23FD610091B4F3 /* Resources */ = {
			isa = PBXResourcesBuildPhase;
			buildActionMask = 2147483647;
			files = (
			);
			runOnlyForDeploymentPostprocessing = 0;
		};
/* End PBXResourcesBuildPhase section */

/* Begin PBXShellScriptBuildPhase section */
		05E4D449C264AFB7D11A4A41 /* [CP] Embed Pods Frameworks */ = {
			isa = PBXShellScriptBuildPhase;
			buildActionMask = 2147483647;
			files = (
			);
			inputPaths = (
			);
			name = "[CP] Embed Pods Frameworks";
			outputPaths = (
			);
			runOnlyForDeploymentPostprocessing = 0;
			shellPath = /bin/sh;
			shellScript = "\"${SRCROOT}/Pods/Target Support Files/Pods-Firebase/Pods-Firebase-frameworks.sh\"\n";
			showEnvVarsInLog = 0;
		};
		3451FC209A786F74F317FCFC /* [CP] Copy Pods Resources */ = {
			isa = PBXShellScriptBuildPhase;
			buildActionMask = 2147483647;
			files = (
			);
			inputPaths = (
			);
			name = "[CP] Copy Pods Resources";
			outputPaths = (
			);
			runOnlyForDeploymentPostprocessing = 0;
			shellPath = /bin/sh;
			shellScript = "\"${SRCROOT}/Pods/Target Support Files/Pods-FirebaseTests/Pods-FirebaseTests-resources.sh\"\n";
			showEnvVarsInLog = 0;
		};
		4C4646B7842D2B982F577AB0 /* [CP] Check Pods Manifest.lock */ = {
			isa = PBXShellScriptBuildPhase;
			buildActionMask = 2147483647;
			files = (
			);
			inputPaths = (
			);
			name = "[CP] Check Pods Manifest.lock";
			outputPaths = (
			);
			runOnlyForDeploymentPostprocessing = 0;
			shellPath = /bin/sh;
			shellScript = "diff \"${PODS_ROOT}/../Podfile.lock\" \"${PODS_ROOT}/Manifest.lock\" > /dev/null\nif [ $? != 0 ] ; then\n    # print error to STDERR\n    echo \"error: The sandbox is not in sync with the Podfile.lock. Run 'pod install' or update your CocoaPods installation.\" >&2\n    exit 1\nfi\n";
			showEnvVarsInLog = 0;
		};
		72FE3043E270D969553E4989 /* [CP] Copy Pods Resources */ = {
			isa = PBXShellScriptBuildPhase;
			buildActionMask = 2147483647;
			files = (
			);
			inputPaths = (
			);
			name = "[CP] Copy Pods Resources";
			outputPaths = (
			);
			runOnlyForDeploymentPostprocessing = 0;
			shellPath = /bin/sh;
			shellScript = "\"${SRCROOT}/Pods/Target Support Files/Pods-Firebase/Pods-Firebase-resources.sh\"\n";
			showEnvVarsInLog = 0;
		};
		8FBD45BA7592F3D87DEA51CC /* [CP] Embed Pods Frameworks */ = {
			isa = PBXShellScriptBuildPhase;
			buildActionMask = 2147483647;
			files = (
			);
			inputPaths = (
			);
			name = "[CP] Embed Pods Frameworks";
			outputPaths = (
			);
			runOnlyForDeploymentPostprocessing = 0;
			shellPath = /bin/sh;
			shellScript = "\"${SRCROOT}/Pods/Target Support Files/Pods-FirebaseTests/Pods-FirebaseTests-frameworks.sh\"\n";
			showEnvVarsInLog = 0;
		};
		C63899D41831F0DA914314B3 /* [CP] Check Pods Manifest.lock */ = {
			isa = PBXShellScriptBuildPhase;
			buildActionMask = 2147483647;
			files = (
			);
			inputPaths = (
			);
			name = "[CP] Check Pods Manifest.lock";
			outputPaths = (
			);
			runOnlyForDeploymentPostprocessing = 0;
			shellPath = /bin/sh;
			shellScript = "diff \"${PODS_ROOT}/../Podfile.lock\" \"${PODS_ROOT}/Manifest.lock\" > /dev/null\nif [ $? != 0 ] ; then\n    # print error to STDERR\n    echo \"error: The sandbox is not in sync with the Podfile.lock. Run 'pod install' or update your CocoaPods installation.\" >&2\n    exit 1\nfi\n";
			showEnvVarsInLog = 0;
		};
/* End PBXShellScriptBuildPhase section */

/* Begin PBXSourcesBuildPhase section */
		B5B20E771E23FD610091B4F3 /* Sources */ = {
			isa = PBXSourcesBuildPhase;
			buildActionMask = 2147483647;
			files = (
				B5B20E811E23FD610091B4F3 /* ViewController.swift in Sources */,
				B5B20E7F1E23FD610091B4F3 /* AppDelegate.swift in Sources */,
			);
			runOnlyForDeploymentPostprocessing = 0;
		};
		B5B20E8B1E23FD610091B4F3 /* Sources */ = {
			isa = PBXSourcesBuildPhase;
			buildActionMask = 2147483647;
			files = (
				B5B20E941E23FD610091B4F3 /* FirebaseTests.swift in Sources */,
			);
			runOnlyForDeploymentPostprocessing = 0;
		};
/* End PBXSourcesBuildPhase section */

/* Begin PBXTargetDependency section */
		B5B20E911E23FD610091B4F3 /* PBXTargetDependency */ = {
			isa = PBXTargetDependency;
			target = B5B20E7A1E23FD610091B4F3 /* Firebase */;
			targetProxy = B5B20E901E23FD610091B4F3 /* PBXContainerItemProxy */;
		};
/* End PBXTargetDependency section */

/* Begin PBXVariantGroup section */
		B5B20E821E23FD610091B4F3 /* Main.storyboard */ = {
			isa = PBXVariantGroup;
			children = (
				B5B20E831E23FD610091B4F3 /* Base */,
			);
			name = Main.storyboard;
			sourceTree = "<group>";
		};
		B5B20E871E23FD610091B4F3 /* LaunchScreen.storyboard */ = {
			isa = PBXVariantGroup;
			children = (
				B5B20E881E23FD610091B4F3 /* Base */,
			);
			name = LaunchScreen.storyboard;
			sourceTree = "<group>";
		};
/* End PBXVariantGroup section */

/* Begin XCBuildConfiguration section */
		B5B20E961E23FD610091B4F3 /* Debug */ = {
			isa = XCBuildConfiguration;
			buildSettings = {
				ALWAYS_SEARCH_USER_PATHS = NO;
				CLANG_ANALYZER_NONNULL = YES;
				CLANG_CXX_LANGUAGE_STANDARD = "gnu++0x";
				CLANG_CXX_LIBRARY = "libc++";
				CLANG_ENABLE_MODULES = YES;
				CLANG_ENABLE_OBJC_ARC = YES;
				CLANG_WARN_BOOL_CONVERSION = YES;
				CLANG_WARN_CONSTANT_CONVERSION = YES;
				CLANG_WARN_DIRECT_OBJC_ISA_USAGE = YES_ERROR;
				CLANG_WARN_DOCUMENTATION_COMMENTS = YES;
				CLANG_WARN_EMPTY_BODY = YES;
				CLANG_WARN_ENUM_CONVERSION = YES;
				CLANG_WARN_INFINITE_RECURSION = YES;
				CLANG_WARN_INT_CONVERSION = YES;
				CLANG_WARN_OBJC_ROOT_CLASS = YES_ERROR;
				CLANG_WARN_SUSPICIOUS_MOVE = YES;
				CLANG_WARN_UNREACHABLE_CODE = YES;
				CLANG_WARN__DUPLICATE_METHOD_MATCH = YES;
				"CODE_SIGN_IDENTITY[sdk=iphoneos*]" = "iPhone Developer";
				COPY_PHASE_STRIP = NO;
				DEBUG_INFORMATION_FORMAT = dwarf;
				ENABLE_STRICT_OBJC_MSGSEND = YES;
				ENABLE_TESTABILITY = YES;
				GCC_C_LANGUAGE_STANDARD = gnu99;
				GCC_DYNAMIC_NO_PIC = NO;
				GCC_NO_COMMON_BLOCKS = YES;
				GCC_OPTIMIZATION_LEVEL = 0;
				GCC_PREPROCESSOR_DEFINITIONS = (
					"DEBUG=1",
					"$(inherited)",
				);
				GCC_WARN_64_TO_32_BIT_CONVERSION = YES;
				GCC_WARN_ABOUT_RETURN_TYPE = YES_ERROR;
				GCC_WARN_UNDECLARED_SELECTOR = YES;
				GCC_WARN_UNINITIALIZED_AUTOS = YES_AGGRESSIVE;
				GCC_WARN_UNUSED_FUNCTION = YES;
				GCC_WARN_UNUSED_VARIABLE = YES;
				IPHONEOS_DEPLOYMENT_TARGET = 10.2;
				MTL_ENABLE_DEBUG_INFO = YES;
				ONLY_ACTIVE_ARCH = YES;
				SDKROOT = iphoneos;
				SWIFT_ACTIVE_COMPILATION_CONDITIONS = DEBUG;
				SWIFT_OPTIMIZATION_LEVEL = "-Onone";
				TARGETED_DEVICE_FAMILY = "1,2";
			};
			name = Debug;
		};
		B5B20E971E23FD610091B4F3 /* Release */ = {
			isa = XCBuildConfiguration;
			buildSettings = {
				ALWAYS_SEARCH_USER_PATHS = NO;
				CLANG_ANALYZER_NONNULL = YES;
				CLANG_CXX_LANGUAGE_STANDARD = "gnu++0x";
				CLANG_CXX_LIBRARY = "libc++";
				CLANG_ENABLE_MODULES = YES;
				CLANG_ENABLE_OBJC_ARC = YES;
				CLANG_WARN_BOOL_CONVERSION = YES;
				CLANG_WARN_CONSTANT_CONVERSION = YES;
				CLANG_WARN_DIRECT_OBJC_ISA_USAGE = YES_ERROR;
				CLANG_WARN_DOCUMENTATION_COMMENTS = YES;
				CLANG_WARN_EMPTY_BODY = YES;
				CLANG_WARN_ENUM_CONVERSION = YES;
				CLANG_WARN_INFINITE_RECURSION = YES;
				CLANG_WARN_INT_CONVERSION = YES;
				CLANG_WARN_OBJC_ROOT_CLASS = YES_ERROR;
				CLANG_WARN_SUSPICIOUS_MOVE = YES;
				CLANG_WARN_UNREACHABLE_CODE = YES;
				CLANG_WARN__DUPLICATE_METHOD_MATCH = YES;
				"CODE_SIGN_IDENTITY[sdk=iphoneos*]" = "iPhone Developer";
				COPY_PHASE_STRIP = NO;
				DEBUG_INFORMATION_FORMAT = "dwarf-with-dsym";
				ENABLE_NS_ASSERTIONS = NO;
				ENABLE_STRICT_OBJC_MSGSEND = YES;
				GCC_C_LANGUAGE_STANDARD = gnu99;
				GCC_NO_COMMON_BLOCKS = YES;
				GCC_WARN_64_TO_32_BIT_CONVERSION = YES;
				GCC_WARN_ABOUT_RETURN_TYPE = YES_ERROR;
				GCC_WARN_UNDECLARED_SELECTOR = YES;
				GCC_WARN_UNINITIALIZED_AUTOS = YES_AGGRESSIVE;
				GCC_WARN_UNUSED_FUNCTION = YES;
				GCC_WARN_UNUSED_VARIABLE = YES;
				IPHONEOS_DEPLOYMENT_TARGET = 10.2;
				MTL_ENABLE_DEBUG_INFO = NO;
				SDKROOT = iphoneos;
				SWIFT_OPTIMIZATION_LEVEL = "-Owholemodule";
				TARGETED_DEVICE_FAMILY = "1,2";
				VALIDATE_PRODUCT = YES;
			};
			name = Release;
		};
		B5B20E991E23FD610091B4F3 /* Debug */ = {
			isa = XCBuildConfiguration;
			baseConfigurationReference = D1494F34C1DEC415F7417BFA /* Pods-Firebase.debug.xcconfig */;
			buildSettings = {
				ASSETCATALOG_COMPILER_APPICON_NAME = AppIcon;
				CODE_SIGN_ENTITLEMENTS = Firebase/Firebase.entitlements;
				DEVELOPMENT_TEAM = 6M9MT4KJZD;
				INFOPLIST_FILE = Firebase/Info.plist;
				LD_RUNPATH_SEARCH_PATHS = "$(inherited) @executable_path/Frameworks";
				PRODUCT_BUNDLE_IDENTIFIER = io.berzerker.demo.firebase;
				PRODUCT_NAME = "$(TARGET_NAME)";
				SWIFT_VERSION = 3.0;
			};
			name = Debug;
		};
		B5B20E9A1E23FD610091B4F3 /* Release */ = {
			isa = XCBuildConfiguration;
			baseConfigurationReference = 01FD8853F8AC3644D4810285 /* Pods-Firebase.release.xcconfig */;
			buildSettings = {
				ASSETCATALOG_COMPILER_APPICON_NAME = AppIcon;
				CODE_SIGN_ENTITLEMENTS = Firebase/Firebase.entitlements;
				DEVELOPMENT_TEAM = 6M9MT4KJZD;
				INFOPLIST_FILE = Firebase/Info.plist;
				LD_RUNPATH_SEARCH_PATHS = "$(inherited) @executable_path/Frameworks";
				PRODUCT_BUNDLE_IDENTIFIER = io.berzerker.demo.firebase;
				PRODUCT_NAME = "$(TARGET_NAME)";
				SWIFT_VERSION = 3.0;
			};
			name = Release;
		};
		B5B20E9C1E23FD610091B4F3 /* Debug */ = {
			isa = XCBuildConfiguration;
			baseConfigurationReference = F5DE659069CF14AD556E3782 /* Pods-FirebaseTests.debug.xcconfig */;
			buildSettings = {
				BUNDLE_LOADER = "$(TEST_HOST)";
				DEVELOPMENT_TEAM = 6M9MT4KJZD;
				INFOPLIST_FILE = FirebaseTests/Info.plist;
				LD_RUNPATH_SEARCH_PATHS = "$(inherited) @executable_path/Frameworks @loader_path/Frameworks";
				PRODUCT_BUNDLE_IDENTIFIER = io.berzerker.FirebaseTests;
				PRODUCT_NAME = "$(TARGET_NAME)";
				SWIFT_VERSION = 3.0;
				TEST_HOST = "$(BUILT_PRODUCTS_DIR)/Firebase.app/Firebase";
			};
			name = Debug;
		};
		B5B20E9D1E23FD610091B4F3 /* Release */ = {
			isa = XCBuildConfiguration;
			baseConfigurationReference = D46D5B1C4703D4820E95E0AF /* Pods-FirebaseTests.release.xcconfig */;
			buildSettings = {
				BUNDLE_LOADER = "$(TEST_HOST)";
				DEVELOPMENT_TEAM = 6M9MT4KJZD;
				INFOPLIST_FILE = FirebaseTests/Info.plist;
				LD_RUNPATH_SEARCH_PATHS = "$(inherited) @executable_path/Frameworks @loader_path/Frameworks";
				PRODUCT_BUNDLE_IDENTIFIER = io.berzerker.FirebaseTests;
				PRODUCT_NAME = "$(TARGET_NAME)";
				SWIFT_VERSION = 3.0;
				TEST_HOST = "$(BUILT_PRODUCTS_DIR)/Firebase.app/Firebase";
			};
			name = Release;
		};
/* End XCBuildConfiguration section */

/* Begin XCConfigurationList section */
		B5B20E761E23FD610091B4F3 /* Build configuration list for PBXProject "Firebase" */ = {
			isa = XCConfigurationList;
			buildConfigurations = (
				B5B20E961E23FD610091B4F3 /* Debug */,
				B5B20E971E23FD610091B4F3 /* Release */,
			);
			defaultConfigurationIsVisible = 0;
			defaultConfigurationName = Release;
		};
		B5B20E981E23FD610091B4F3 /* Build configuration list for PBXNativeTarget "Firebase" */ = {
			isa = XCConfigurationList;
			buildConfigurations = (
				B5B20E991E23FD610091B4F3 /* Debug */,
				B5B20E9A1E23FD610091B4F3 /* Release */,
			);
			defaultConfigurationIsVisible = 0;
			defaultConfigurationName = Release;
		};
		B5B20E9B1E23FD610091B4F3 /* Build configuration list for PBXNativeTarget "FirebaseTests" */ = {
			isa = XCConfigurationList;
			buildConfigurations = (
				B5B20E9C1E23FD610091B4F3 /* Debug */,
				B5B20E9D1E23FD610091B4F3 /* Release */,
			);
			defaultConfigurationIsVisible = 0;
			defaultConfigurationName = Release;
		};
/* End XCConfigurationList section */
	};
	rootObject = B5B20E731E23FD610091B4F3 /* Project object */;
}
